
Microsoft Visual Studio Solution File, Format Version 12.00
# Visual Studio Version 17
VisualStudioVersion = 17.0.31903.59
MinimumVisualStudioVersion = 10.0.40219.1
Project("{9A19103F-16F7-4668-BE54-9A1E7A4F7556}") = "BackendGenerator.App", "BackendGenerator.App\BackendGenerator.App.csproj", "{09804B46-9726-4BFD-A84A-A5B66FE5091F}"
EndProject
Project("{9A19103F-16F7-4668-BE54-9A1E7A4F7556}") = "BackendGenerator.Core", "BackendGenerator.Core\BackendGenerator.Core.csproj", "{3EBB94A3-2DEF-4889-8A02-8034086ED6F4}"
EndProject
Project("{2150E333-8FDC-42A3-9474-1A3956D46DE8}") = "SolutionItems", "SolutionItems", "{5FBFDE36-A2CA-4151-96A4-EB3D8C7B2C42}"
	ProjectSection(SolutionItems) = preProject
		.gitignore = .gitignore
		README.md = README.md
	EndProjectSection
EndProject
Project("{FAE04EC0-301F-11D3-BF4B-00C04F79EFBC}") = "BackendGenerator.Infrastructure", "BackendGenerator.Infrastructure\BackendGenerator.Infrastructure.csproj", "{64B957A9-211B-4F14-8EBE-035D69867601}"
EndProject
Global
	GlobalSection(SolutionConfigurationPlatforms) = preSolution
		Debug|Any CPU = Debug|Any CPU
		Release|Any CPU = Release|Any CPU
	EndGlobalSection
	GlobalSection(ProjectConfigurationPlatforms) = postSolution
		{09804B46-9726-4BFD-A84A-A5B66FE5091F}.Debug|Any CPU.ActiveCfg = Debug|Any CPU
		{09804B46-9726-4BFD-A84A-A5B66FE5091F}.Debug|Any CPU.Build.0 = Debug|Any CPU
		{09804B46-9726-4BFD-A84A-A5B66FE5091F}.Release|Any CPU.ActiveCfg = Release|Any CPU
		{09804B46-9726-4BFD-A84A-A5B66FE5091F}.Release|Any CPU.Build.0 = Release|Any CPU
		{3EBB94A3-2DEF-4889-8A02-8034086ED6F4}.Debug|Any CPU.ActiveCfg = Debug|Any CPU
		{3EBB94A3-2DEF-4889-8A02-8034086ED6F4}.Debug|Any CPU.Build.0 = Debug|Any CPU
		{3EBB94A3-2DEF-4889-8A02-8034086ED6F4}.Release|Any CPU.ActiveCfg = Release|Any CPU
		{3EBB94A3-2DEF-4889-8A02-8034086ED6F4}.Release|Any CPU.Build.0 = Release|Any CPU
		{64B957A9-211B-4F14-8EBE-035D69867601}.Debug|Any CPU.ActiveCfg = Debug|Any CPU
		{64B957A9-211B-4F14-8EBE-035D69867601}.Debug|Any CPU.Build.0 = Debug|Any CPU
		{64B957A9-211B-4F14-8EBE-035D69867601}.Release|Any CPU.ActiveCfg = Release|Any CPU
		{64B957A9-211B-4F14-8EBE-035D69867601}.Release|Any CPU.Build.0 = Release|Any CPU
	EndGlobalSection
	GlobalSection(SolutionProperties) = preSolution
		HideSolutionNode = FALSE
	EndGlobalSection
	GlobalSection(ExtensibilityGlobals) = postSolution
		SolutionGuid = {12C16845-C838-44E2-B675-8B6A1ADA7144}
	EndGlobalSection
EndGlobal
